
Microsoft Visual Studio Solution File, Format Version 12.00
# Visual Studio 2013
VisualStudioVersion = 12.0.31101.0
MinimumVisualStudioVersion = 10.0.40219.1
Project("{FAE04EC0-301F-11D3-BF4B-00C04F79EFBC}") = "ITLCOrderManagement", "ITLCOrderManagement\ITLCOrderManagement.csproj", "{9D90D22F-6C96-4B4D-9C2C-B08465055713}"
EndProject
Project("{2150E333-8FDC-42A3-9474-1A3956D46DE8}") = "CRUD", "CRUD", "{87B39614-36C1-4376-BC7F-E0C8BFB1CF13}"
EndProject
Project("{2150E333-8FDC-42A3-9474-1A3956D46DE8}") = "DDD", "DDD", "{ED6ADCA6-FC37-4CE6-A894-7971D09362AC}"
EndProject
Project("{2150E333-8FDC-42A3-9474-1A3956D46DE8}") = "CQRS", "CQRS", "{C900E705-CE92-4310-B393-FB74AB97CB54}"
EndProject
Project("{2150E333-8FDC-42A3-9474-1A3956D46DE8}") = "CQRSES", "CQRSES", "{9B04F3EC-5755-47FA-86C4-AA3335E55DCD}"
EndProject
Project("{FAE04EC0-301F-11D3-BF4B-00C04F79EFBC}") = "CQRS.Orders", "CQRS.Orders\CQRS.Orders.csproj", "{E101748C-3169-4A7C-A51C-50863D1A4EF1}"
EndProject
Project("{FAE04EC0-301F-11D3-BF4B-00C04F79EFBC}") = "CQRS.Infrastructure", "CQRS.Infrastructure\CQRS.Infrastructure.csproj", "{E502798A-3E6A-4183-B0FB-FCE545946825}"
EndProject
Project("{FAE04EC0-301F-11D3-BF4B-00C04F79EFBC}") = "CQRSES.Orders", "CQRSES.Orders\CQRSES.Orders.csproj", "{91204479-855D-4730-99CD-9F6E87D489F4}"
EndProject
Project("{FAE04EC0-301F-11D3-BF4B-00C04F79EFBC}") = "CQRSES.Infrastructure", "CQRSES.Infrastructure\CQRSES.Infrastructure.csproj", "{FC55B634-0FFB-44EC-8A77-57DC62CCC077}"
EndProject
Project("{FAE04EC0-301F-11D3-BF4B-00C04F79EFBC}") = "CRUD.Orders", "CRUD.Orders\CRUD.Orders.csproj", "{2A8676D4-5E0D-4E94-BEEB-88E6B794AD02}"
EndProject
Project("{FAE04EC0-301F-11D3-BF4B-00C04F79EFBC}") = "DDD.Infrastructure", "DDD.Infrastructure\DDD.Infrastructure.csproj", "{23DD70EC-21BE-4278-9066-0051DEE55DAE}"
EndProject
Project("{FAE04EC0-301F-11D3-BF4B-00C04F79EFBC}") = "DDD.Orders", "DDD.Orders\DDD.Orders.csproj", "{4B8FCCCA-3BCA-4631-AC5C-D8BABEE3E1E5}"
EndProject
Project("{FAE04EC0-301F-11D3-BF4B-00C04F79EFBC}") = "DDD.Persistence", "DDD.Persistence\DDD.Persistence.csproj", "{43D0E948-9BAE-4F5C-8E3F-DFC4BC32754F}"
EndProject
Project("{FAE04EC0-301F-11D3-BF4B-00C04F79EFBC}") = "CQRS.ProcessingWoker", "CQRS.ProcessingWoker\CQRS.ProcessingWoker.csproj", "{CF275F72-CF3F-44CD-A6F4-F438D44B139C}"
EndProject
Project("{FAE04EC0-301F-11D3-BF4B-00C04F79EFBC}") = "DDD.DomainService", "DDD.DomainService\DDD.DomainService.csproj", "{B1B0C2F8-B0FC-45F9-9853-30F08345454E}"
EndProject
Project("{FAE04EC0-301F-11D3-BF4B-00C04F79EFBC}") = "CQRSES.ProcessingWorker", "CQRSES.ProcessingWorker\CQRSES.ProcessingWorker.csproj", "{4D647A04-0DFF-4E2B-AE29-1738481F4DAF}"
EndProject
Project("{FAE04EC0-301F-11D3-BF4B-00C04F79EFBC}") = "DDD.Products", "DDD.Products\DDD.Products.csproj", "{09B9F86F-E805-4004-81FC-8E8783E91C42}"
EndProject
Global
	GlobalSection(SolutionConfigurationPlatforms) = preSolution
		Debug|Any CPU = Debug|Any CPU
		Release|Any CPU = Release|Any CPU
	EndGlobalSection
	GlobalSection(ProjectConfigurationPlatforms) = postSolution
		{9D90D22F-6C96-4B4D-9C2C-B08465055713}.Debug|Any CPU.ActiveCfg = Debug|Any CPU
		{9D90D22F-6C96-4B4D-9C2C-B08465055713}.Debug|Any CPU.Build.0 = Debug|Any CPU
		{9D90D22F-6C96-4B4D-9C2C-B08465055713}.Release|Any CPU.ActiveCfg = Release|Any CPU
		{9D90D22F-6C96-4B4D-9C2C-B08465055713}.Release|Any CPU.Build.0 = Release|Any CPU
		{E101748C-3169-4A7C-A51C-50863D1A4EF1}.Debug|Any CPU.ActiveCfg = Debug|Any CPU
		{E101748C-3169-4A7C-A51C-50863D1A4EF1}.Debug|Any CPU.Build.0 = Debug|Any CPU
		{E101748C-3169-4A7C-A51C-50863D1A4EF1}.Release|Any CPU.ActiveCfg = Release|Any CPU
		{E101748C-3169-4A7C-A51C-50863D1A4EF1}.Release|Any CPU.Build.0 = Release|Any CPU
		{E502798A-3E6A-4183-B0FB-FCE545946825}.Debug|Any CPU.ActiveCfg = Debug|Any CPU
		{E502798A-3E6A-4183-B0FB-FCE545946825}.Debug|Any CPU.Build.0 = Debug|Any CPU
		{E502798A-3E6A-4183-B0FB-FCE545946825}.Release|Any CPU.ActiveCfg = Release|Any CPU
		{E502798A-3E6A-4183-B0FB-FCE545946825}.Release|Any CPU.Build.0 = Release|Any CPU
		{91204479-855D-4730-99CD-9F6E87D489F4}.Debug|Any CPU.ActiveCfg = Debug|Any CPU
		{91204479-855D-4730-99CD-9F6E87D489F4}.Debug|Any CPU.Build.0 = Debug|Any CPU
		{91204479-855D-4730-99CD-9F6E87D489F4}.Release|Any CPU.ActiveCfg = Release|Any CPU
		{91204479-855D-4730-99CD-9F6E87D489F4}.Release|Any CPU.Build.0 = Release|Any CPU
		{FC55B634-0FFB-44EC-8A77-57DC62CCC077}.Debug|Any CPU.ActiveCfg = Debug|Any CPU
		{FC55B634-0FFB-44EC-8A77-57DC62CCC077}.Debug|Any CPU.Build.0 = Debug|Any CPU
		{FC55B634-0FFB-44EC-8A77-57DC62CCC077}.Release|Any CPU.ActiveCfg = Release|Any CPU
		{FC55B634-0FFB-44EC-8A77-57DC62CCC077}.Release|Any CPU.Build.0 = Release|Any CPU
		{2A8676D4-5E0D-4E94-BEEB-88E6B794AD02}.Debug|Any CPU.ActiveCfg = Debug|Any CPU
		{2A8676D4-5E0D-4E94-BEEB-88E6B794AD02}.Debug|Any CPU.Build.0 = Debug|Any CPU
		{2A8676D4-5E0D-4E94-BEEB-88E6B794AD02}.Release|Any CPU.ActiveCfg = Release|Any CPU
		{2A8676D4-5E0D-4E94-BEEB-88E6B794AD02}.Release|Any CPU.Build.0 = Release|Any CPU
		{23DD70EC-21BE-4278-9066-0051DEE55DAE}.Debug|Any CPU.ActiveCfg = Debug|Any CPU
		{23DD70EC-21BE-4278-9066-0051DEE55DAE}.Debug|Any CPU.Build.0 = Debug|Any CPU
		{23DD70EC-21BE-4278-9066-0051DEE55DAE}.Release|Any CPU.ActiveCfg = Release|Any CPU
		{23DD70EC-21BE-4278-9066-0051DEE55DAE}.Release|Any CPU.Build.0 = Release|Any CPU
		{4B8FCCCA-3BCA-4631-AC5C-D8BABEE3E1E5}.Debug|Any CPU.ActiveCfg = Debug|Any CPU
		{4B8FCCCA-3BCA-4631-AC5C-D8BABEE3E1E5}.Debug|Any CPU.Build.0 = Debug|Any CPU
		{4B8FCCCA-3BCA-4631-AC5C-D8BABEE3E1E5}.Release|Any CPU.ActiveCfg = Release|Any CPU
		{4B8FCCCA-3BCA-4631-AC5C-D8BABEE3E1E5}.Release|Any CPU.Build.0 = Release|Any CPU
		{43D0E948-9BAE-4F5C-8E3F-DFC4BC32754F}.Debug|Any CPU.ActiveCfg = Debug|Any CPU
		{43D0E948-9BAE-4F5C-8E3F-DFC4BC32754F}.Debug|Any CPU.Build.0 = Debug|Any CPU
		{43D0E948-9BAE-4F5C-8E3F-DFC4BC32754F}.Release|Any CPU.ActiveCfg = Release|Any CPU
		{43D0E948-9BAE-4F5C-8E3F-DFC4BC32754F}.Release|Any CPU.Build.0 = Release|Any CPU
		{CF275F72-CF3F-44CD-A6F4-F438D44B139C}.Debug|Any CPU.ActiveCfg = Debug|Any CPU
		{CF275F72-CF3F-44CD-A6F4-F438D44B139C}.Debug|Any CPU.Build.0 = Debug|Any CPU
		{CF275F72-CF3F-44CD-A6F4-F438D44B139C}.Release|Any CPU.ActiveCfg = Release|Any CPU
		{CF275F72-CF3F-44CD-A6F4-F438D44B139C}.Release|Any CPU.Build.0 = Release|Any CPU
		{B1B0C2F8-B0FC-45F9-9853-30F08345454E}.Debug|Any CPU.ActiveCfg = Debug|Any CPU
		{B1B0C2F8-B0FC-45F9-9853-30F08345454E}.Debug|Any CPU.Build.0 = Debug|Any CPU
		{B1B0C2F8-B0FC-45F9-9853-30F08345454E}.Release|Any CPU.ActiveCfg = Release|Any CPU
		{B1B0C2F8-B0FC-45F9-9853-30F08345454E}.Release|Any CPU.Build.0 = Release|Any CPU
		{4D647A04-0DFF-4E2B-AE29-1738481F4DAF}.Debug|Any CPU.ActiveCfg = Debug|Any CPU
		{4D647A04-0DFF-4E2B-AE29-1738481F4DAF}.Debug|Any CPU.Build.0 = Debug|Any CPU
		{4D647A04-0DFF-4E2B-AE29-1738481F4DAF}.Release|Any CPU.ActiveCfg = Release|Any CPU
		{4D647A04-0DFF-4E2B-AE29-1738481F4DAF}.Release|Any CPU.Build.0 = Release|Any CPU
		{09B9F86F-E805-4004-81FC-8E8783E91C42}.Debug|Any CPU.ActiveCfg = Debug|Any CPU
		{09B9F86F-E805-4004-81FC-8E8783E91C42}.Debug|Any CPU.Build.0 = Debug|Any CPU
		{09B9F86F-E805-4004-81FC-8E8783E91C42}.Release|Any CPU.ActiveCfg = Release|Any CPU
		{09B9F86F-E805-4004-81FC-8E8783E91C42}.Release|Any CPU.Build.0 = Release|Any CPU
	EndGlobalSection
	GlobalSection(SolutionProperties) = preSolution
		HideSolutionNode = FALSE
	EndGlobalSection
	GlobalSection(NestedProjects) = preSolution
		{E101748C-3169-4A7C-A51C-50863D1A4EF1} = {C900E705-CE92-4310-B393-FB74AB97CB54}
		{E502798A-3E6A-4183-B0FB-FCE545946825} = {C900E705-CE92-4310-B393-FB74AB97CB54}
		{91204479-855D-4730-99CD-9F6E87D489F4} = {9B04F3EC-5755-47FA-86C4-AA3335E55DCD}
		{FC55B634-0FFB-44EC-8A77-57DC62CCC077} = {9B04F3EC-5755-47FA-86C4-AA3335E55DCD}
		{2A8676D4-5E0D-4E94-BEEB-88E6B794AD02} = {87B39614-36C1-4376-BC7F-E0C8BFB1CF13}
		{23DD70EC-21BE-4278-9066-0051DEE55DAE} = {ED6ADCA6-FC37-4CE6-A894-7971D09362AC}
		{4B8FCCCA-3BCA-4631-AC5C-D8BABEE3E1E5} = {ED6ADCA6-FC37-4CE6-A894-7971D09362AC}
		{43D0E948-9BAE-4F5C-8E3F-DFC4BC32754F} = {ED6ADCA6-FC37-4CE6-A894-7971D09362AC}
		{CF275F72-CF3F-44CD-A6F4-F438D44B139C} = {C900E705-CE92-4310-B393-FB74AB97CB54}
		{B1B0C2F8-B0FC-45F9-9853-30F08345454E} = {ED6ADCA6-FC37-4CE6-A894-7971D09362AC}
		{4D647A04-0DFF-4E2B-AE29-1738481F4DAF} = {9B04F3EC-5755-47FA-86C4-AA3335E55DCD}
		{09B9F86F-E805-4004-81FC-8E8783E91C42} = {ED6ADCA6-FC37-4CE6-A894-7971D09362AC}
	EndGlobalSection
EndGlobal
